// !$*UTF8*$!
{
	archiveVersion = 1;
	classes = {
	};
	objectVersion = 46;
	objects = {

/* Begin PBXBuildFile section */
		4BAFDE791B4C8FB400746ECF /* AppDelegate.swift in Sources */ = {isa = PBXBuildFile; fileRef = 4BAFDE781B4C8FB400746ECF /* AppDelegate.swift */; };
		4BAFDE7B1B4C8FB400746ECF /* PlaylistMasterViewController.swift in Sources */ = {isa = PBXBuildFile; fileRef = 4BAFDE7A1B4C8FB400746ECF /* PlaylistMasterViewController.swift */; };
		4BAFDE7E1B4C8FB400746ECF /* Main.storyboard in Resources */ = {isa = PBXBuildFile; fileRef = 4BAFDE7C1B4C8FB400746ECF /* Main.storyboard */; };
		4BAFDE801B4C8FB400746ECF /* Images.xcassets in Resources */ = {isa = PBXBuildFile; fileRef = 4BAFDE7F1B4C8FB400746ECF /* Images.xcassets */; };
		4BAFDE831B4C8FB400746ECF /* LaunchScreen.xib in Resources */ = {isa = PBXBuildFile; fileRef = 4BAFDE811B4C8FB400746ECF /* LaunchScreen.xib */; };
		4BAFDE8F1B4C8FB400746ECF /* ALgorhythmTests.swift in Sources */ = {isa = PBXBuildFile; fileRef = 4BAFDE8E1B4C8FB400746ECF /* ALgorhythmTests.swift */; };
		4BAFDE991B4D7E3900746ECF /* PlaylistDetailViewController.swift in Sources */ = {isa = PBXBuildFile; fileRef = 4BAFDE981B4D7E3900746ECF /* PlaylistDetailViewController.swift */; };
/* End PBXBuildFile section */

/* Begin PBXContainerItemProxy section */
		4BAFDE891B4C8FB400746ECF /* PBXContainerItemProxy */ = {
			isa = PBXContainerItemProxy;
			containerPortal = 4BAFDE6B1B4C8FB400746ECF /* Project object */;
			proxyType = 1;
			remoteGlobalIDString = 4BAFDE721B4C8FB400746ECF;
			remoteInfo = ALgorhythm;
		};
/* End PBXContainerItemProxy section */

/* Begin PBXFileReference section */
		4BAFDE731B4C8FB400746ECF /* ALgorhythm.app */ = {isa = PBXFileReference; explicitFileType = wrapper.application; includeInIndex = 0; path = ALgorhythm.app; sourceTree = BUILT_PRODUCTS_DIR; };
		4BAFDE771B4C8FB400746ECF /* Info.plist */ = {isa = PBXFileReference; lastKnownFileType = text.plist.xml; path = Info.plist; sourceTree = "<group>"; };
		4BAFDE781B4C8FB400746ECF /* AppDelegate.swift */ = {isa = PBXFileReference; lastKnownFileType = sourcecode.swift; path = AppDelegate.swift; sourceTree = "<group>"; };
		4BAFDE7A1B4C8FB400746ECF /* PlaylistMasterViewController.swift */ = {isa = PBXFileReference; lastKnownFileType = sourcecode.swift; path = PlaylistMasterViewController.swift; sourceTree = "<group>"; };
		4BAFDE7D1B4C8FB400746ECF /* Base */ = {isa = PBXFileReference; lastKnownFileType = file.storyboard; name = Base; path = Base.lproj/Main.storyboard; sourceTree = "<group>"; };
		4BAFDE7F1B4C8FB400746ECF /* Images.xcassets */ = {isa = PBXFileReference; lastKnownFileType = folder.assetcatalog; path = Images.xcassets; sourceTree = "<group>"; };
		4BAFDE821B4C8FB400746ECF /* Base */ = {isa = PBXFileReference; lastKnownFileType = file.xib; name = Base; path = Base.lproj/LaunchScreen.xib; sourceTree = "<group>"; };
		4BAFDE881B4C8FB400746ECF /* ALgorhythmTests.xctest */ = {isa = PBXFileReference; explicitFileType = wrapper.cfbundle; includeInIndex = 0; path = ALgorhythmTests.xctest; sourceTree = BUILT_PRODUCTS_DIR; };
		4BAFDE8D1B4C8FB400746ECF /* Info.plist */ = {isa = PBXFileReference; lastKnownFileType = text.plist.xml; path = Info.plist; sourceTree = "<group>"; };
		4BAFDE8E1B4C8FB400746ECF /* ALgorhythmTests.swift */ = {isa = PBXFileReference; lastKnownFileType = sourcecode.swift; path = ALgorhythmTests.swift; sourceTree = "<group>"; };
		4BAFDE981B4D7E3900746ECF /* PlaylistDetailViewController.swift */ = {isa = PBXFileReference; fileEncoding = 4; lastKnownFileType = sourcecode.swift; path = PlaylistDetailViewController.swift; sourceTree = "<group>"; };
/* End PBXFileReference section */

/* Begin PBXFrameworksBuildPhase section */
		4BAFDE701B4C8FB400746ECF /* Frameworks */ = {
			isa = PBXFrameworksBuildPhase;
			buildActionMask = 2147483647;
			files = (
			);
			runOnlyForDeploymentPostprocessing = 0;
		};
		4BAFDE851B4C8FB400746ECF /* Frameworks */ = {
			isa = PBXFrameworksBuildPhase;
			buildActionMask = 2147483647;
			files = (
			);
			runOnlyForDeploymentPostprocessing = 0;
		};
/* End PBXFrameworksBuildPhase section */

/* Begin PBXGroup section */
		4BAFDE6A1B4C8FB400746ECF = {
			isa = PBXGroup;
			children = (
				4BAFDE751B4C8FB400746ECF /* ALgorhythm */,
				4BAFDE8B1B4C8FB400746ECF /* ALgorhythmTests */,
				4BAFDE741B4C8FB400746ECF /* Products */,
			);
			sourceTree = "<group>";
		};
		4BAFDE741B4C8FB400746ECF /* Products */ = {
			isa = PBXGroup;
			children = (
				4BAFDE731B4C8FB400746ECF /* ALgorhythm.app */,
				4BAFDE881B4C8FB400746ECF /* ALgorhythmTests.xctest */,
			);
			name = Products;
			sourceTree = "<group>";
		};
		4BAFDE751B4C8FB400746ECF /* ALgorhythm */ = {
			isa = PBXGroup;
			children = (
				4BAFDE781B4C8FB400746ECF /* AppDelegate.swift */,
				4BAFDE7A1B4C8FB400746ECF /* PlaylistMasterViewController.swift */,
				4BAFDE981B4D7E3900746ECF /* PlaylistDetailViewController.swift */,
				4BAFDE7C1B4C8FB400746ECF /* Main.storyboard */,
				4BAFDE7F1B4C8FB400746ECF /* Images.xcassets */,
				4BAFDE811B4C8FB400746ECF /* LaunchScreen.xib */,
				4BAFDE761B4C8FB400746ECF /* Supporting Files */,
			);
			path = ALgorhythm;
			sourceTree = "<group>";
		};
		4BAFDE761B4C8FB400746ECF /* Supporting Files */ = {
			isa = PBXGroup;
			children = (
				4BAFDE771B4C8FB400746ECF /* Info.plist */,
			);
			name = "Supporting Files";
			sourceTree = "<group>";
		};
		4BAFDE8B1B4C8FB400746ECF /* ALgorhythmTests */ = {
			isa = PBXGroup;
			children = (
				4BAFDE8E1B4C8FB400746ECF /* ALgorhythmTests.swift */,
				4BAFDE8C1B4C8FB400746ECF /* Supporting Files */,
			);
			path = ALgorhythmTests;
			sourceTree = "<group>";
		};
		4BAFDE8C1B4C8FB400746ECF /* Supporting Files */ = {
			isa = PBXGroup;
			children = (
				4BAFDE8D1B4C8FB400746ECF /* Info.plist */,
			);
			name = "Supporting Files";
			sourceTree = "<group>";
		};
/* End PBXGroup section */

/* Begin PBXNativeTarget section */
		4BAFDE721B4C8FB400746ECF /* ALgorhythm */ = {
			isa = PBXNativeTarget;
			buildConfigurationList = 4BAFDE921B4C8FB400746ECF /* Build configuration list for PBXNativeTarget "ALgorhythm" */;
			buildPhases = (
				4BAFDE6F1B4C8FB400746ECF /* Sources */,
				4BAFDE701B4C8FB400746ECF /* Frameworks */,
				4BAFDE711B4C8FB400746ECF /* Resources */,
			);
			buildRules = (
			);
			dependencies = (
			);
			name = ALgorhythm;
			productName = ALgorhythm;
			productReference = 4BAFDE731B4C8FB400746ECF /* ALgorhythm.app */;
			productType = "com.apple.product-type.application";
		};
		4BAFDE871B4C8FB400746ECF /* ALgorhythmTests */ = {
			isa = PBXNativeTarget;
			buildConfigurationList = 4BAFDE951B4C8FB400746ECF /* Build configuration list for PBXNativeTarget "ALgorhythmTests" */;
			buildPhases = (
				4BAFDE841B4C8FB400746ECF /* Sources */,
				4BAFDE851B4C8FB400746ECF /* Frameworks */,
				4BAFDE861B4C8FB400746ECF /* Resources */,
			);
			buildRules = (
			);
			dependencies = (
				4BAFDE8A1B4C8FB400746ECF /* PBXTargetDependency */,
			);
			name = ALgorhythmTests;
			productName = ALgorhythmTests;
			productReference = 4BAFDE881B4C8FB400746ECF /* ALgorhythmTests.xctest */;
			productType = "com.apple.product-type.bundle.unit-test";
		};
/* End PBXNativeTarget section */

/* Begin PBXProject section */
		4BAFDE6B1B4C8FB400746ECF /* Project object */ = {
			isa = PBXProject;
			attributes = {
				LastUpgradeCheck = 0640;
				ORGANIZATIONNAME = Tarman;
				TargetAttributes = {
					4BAFDE721B4C8FB400746ECF = {
						CreatedOnToolsVersion = 6.4;
					};
					4BAFDE871B4C8FB400746ECF = {
						CreatedOnToolsVersion = 6.4;
						TestTargetID = 4BAFDE721B4C8FB400746ECF;
					};
				};
			};
			buildConfigurationList = 4BAFDE6E1B4C8FB400746ECF /* Build configuration list for PBXProject "ALgorhythm" */;
			compatibilityVersion = "Xcode 3.2";
			developmentRegion = English;
			hasScannedForEncodings = 0;
			knownRegions = (
				en,
				Base,
			);
			mainGroup = 4BAFDE6A1B4C8FB400746ECF;
			productRefGroup = 4BAFDE741B4C8FB400746ECF /* Products */;
			projectDirPath = "";
			projectRoot = "";
			targets = (
				4BAFDE721B4C8FB400746ECF /* ALgorhythm */,
				4BAFDE871B4C8FB400746ECF /* ALgorhythmTests */,
			);
		};
/* End PBXProject section */

/* Begin PBXResourcesBuildPhase section */
		4BAFDE711B4C8FB400746ECF /* Resources */ = {
			isa = PBXResourcesBuildPhase;
			buildActionMask = 2147483647;
			files = (
				4BAFDE7E1B4C8FB400746ECF /* Main.storyboard in Resources */,
				4BAFDE831B4C8FB400746ECF /* LaunchScreen.xib in Resources */,
				4BAFDE801B4C8FB400746ECF /* Images.xcassets in Resources */,
			);
			runOnlyForDeploymentPostprocessing = 0;
		};
		4BAFDE861B4C8FB400746ECF /* Resources */ = {
			isa = PBXResourcesBuildPhase;
			buildActionMask = 2147483647;
			files = (
			);
			runOnlyForDeploymentPostprocessing = 0;
		};
/* End PBXResourcesBuildPhase section */

/* Begin PBXSourcesBuildPhase section */
		4BAFDE6F1B4C8FB400746ECF /* Sources */ = {
			isa = PBXSourcesBuildPhase;
			buildActionMask = 2147483647;
			files = (
				4BAFDE991B4D7E3900746ECF /* PlaylistDetailViewController.swift in Sources */,
				4BAFDE7B1B4C8FB400746ECF /* PlaylistMasterViewController.swift in Sources */,
				4BAFDE791B4C8FB400746ECF /* AppDelegate.swift in Sources */,
			);
			runOnlyForDeploymentPostprocessing = 0;
		};
		4BAFDE841B4C8FB400746ECF /* Sources */ = {
			isa = PBXSourcesBuildPhase;
			buildActionMask = 2147483647;
			files = (
				4BAFDE8F1B4C8FB400746ECF /* ALgorhythmTests.swift in Sources */,
			);
			runOnlyForDeploymentPostprocessing = 0;
		};
/* End PBXSourcesBuildPhase section */

/* Begin PBXTargetDependency section */
		4BAFDE8A1B4C8FB400746ECF /* PBXTargetDependency */ = {
			isa = PBXTargetDependency;
			target = 4BAFDE721B4C8FB400746ECF /* ALgorhythm */;
			targetProxy = 4BAFDE891B4C8FB400746ECF /* PBXContainerItemProxy */;
		};
/* End PBXTargetDependency section */

/* Begin PBXVariantGroup section */
		4BAFDE7C1B4C8FB400746ECF /* Main.storyboard */ = {
			isa = PBXVariantGroup;
			children = (
				4BAFDE7D1B4C8FB400746ECF /* Base */,
			);
			name = Main.storyboard;
			sourceTree = "<group>";
		};
		4BAFDE811B4C8FB400746ECF /* LaunchScreen.xib */ = {
			isa = PBXVariantGroup;
			children = (
				4BAFDE821B4C8FB400746ECF /* Base */,
			);
			name = LaunchScreen.xib;
			sourceTree = "<group>";
		};
/* End PBXVariantGroup section */

/* Begin XCBuildConfiguration section */
		4BAFDE901B4C8FB400746ECF /* Debug */ = {
			isa = XCBuildConfiguration;
			buildSettings = {
				ALWAYS_SEARCH_USER_PATHS = NO;
				CLANG_CXX_LANGUAGE_STANDARD = "gnu++0x";
				CLANG_CXX_LIBRARY = "libc++";
				CLANG_ENABLE_MODULES = YES;
				CLANG_ENABLE_OBJC_ARC = YES;
				CLANG_WARN_BOOL_CONVERSION = YES;
				CLANG_WARN_CONSTANT_CONVERSION = YES;
				CLANG_WARN_DIRECT_OBJC_ISA_USAGE = YES_ERROR;
				CLANG_WARN_EMPTY_BODY = YES;
				CLANG_WARN_ENUM_CONVERSION = YES;
				CLANG_WARN_INT_CONVERSION = YES;
				CLANG_WARN_OBJC_ROOT_CLASS = YES_ERROR;
				CLANG_WARN_UNREACHABLE_CODE = YES;
				CLANG_WARN__DUPLICATE_METHOD_MATCH = YES;
				"CODE_SIGN_IDENTITY[sdk=iphoneos*]" = "iPhone Developer";
				COPY_PHASE_STRIP = NO;
				DEBUG_INFORMATION_FORMAT = "dwarf-with-dsym";
				ENABLE_STRICT_OBJC_MSGSEND = YES;
				GCC_C_LANGUAGE_STANDARD = gnu99;
				GCC_DYNAMIC_NO_PIC = NO;
				GCC_NO_COMMON_BLOCKS = YES;
				GCC_OPTIMIZATION_LEVEL = 0;
				GCC_PREPROCESSOR_DEFINITIONS = (
					"DEBUG=1",
					"$(inherited)",
				);
				GCC_SYMBOLS_PRIVATE_EXTERN = NO;
				GCC_WARN_64_TO_32_BIT_CONVERSION = YES;
				GCC_WARN_ABOUT_RETURN_TYPE = YES_ERROR;
				GCC_WARN_UNDECLARED_SELECTOR = YES;
				GCC_WARN_UNINITIALIZED_AUTOS = YES_AGGRESSIVE;
				GCC_WARN_UNUSED_FUNCTION = YES;
				GCC_WARN_UNUSED_VARIABLE = YES;
				IPHONEOS_DEPLOYMENT_TARGET = 8.4;
				MTL_ENABLE_DEBUG_INFO = YES;
				ONLY_ACTIVE_ARCH = YES;
				SDKROOT = iphoneos;
				SWIFT_OPTIMIZATION_LEVEL = "-Onone";
			};
			name = Debug;
		};
		4BAFDE911B4C8FB400746ECF /* Release */ = {
			isa = XCBuildConfiguration;
			buildSettings = {
				ALWAYS_SEARCH_USER_PATHS = NO;
				CLANG_CXX_LANGUAGE_STANDARD = "gnu++0x";
				CLANG_CXX_LIBRARY = "libc++";
				CLANG_ENABLE_MODULES = YES;
				CLANG_ENABLE_OBJC_ARC = YES;
				CLANG_WARN_BOOL_CONVERSION = YES;
				CLANG_WARN_CONSTANT_CONVERSION = YES;
				CLANG_WARN_DIRECT_OBJC_ISA_USAGE = YES_ERROR;
				CLANG_WARN_EMPTY_BODY = YES;
				CLANG_WARN_ENUM_CONVERSION = YES;
				CLANG_WARN_INT_CONVERSION = YES;
				CLANG_WARN_OBJC_ROOT_CLASS = YES_ERROR;
				CLANG_WARN_UNREACHABLE_CODE = YES;
				CLANG_WARN__DUPLICATE_METHOD_MATCH = YES;
				"CODE_SIGN_IDENTITY[sdk=iphoneos*]" = "iPhone Developer";
				COPY_PHASE_STRIP = NO;
				DEBUG_INFORMATION_FORMAT = "dwarf-with-dsym";
				ENABLE_NS_ASSERTIONS = NO;
				ENABLE_STRICT_OBJC_MSGSEND = YES;
				GCC_C_LANGUAGE_STANDARD = gnu99;
				GCC_NO_COMMON_BLOCKS = YES;
				GCC_WARN_64_TO_32_BIT_CONVERSION = YES;
				GCC_WARN_ABOUT_RETURN_TYPE = YES_ERROR;
				GCC_WARN_UNDECLARED_SELECTOR = YES;
				GCC_WARN_UNINITIALIZED_AUTOS = YES_AGGRESSIVE;
				GCC_WARN_UNUSED_FUNCTION = YES;
				GCC_WARN_UNUSED_VARIABLE = YES;
				IPHONEOS_DEPLOYMENT_TARGET = 8.4;
				MTL_ENABLE_DEBUG_INFO = NO;
				SDKROOT = iphoneos;
				VALIDATE_PRODUCT = YES;
			};
			name = Release;
		};
		4BAFDE931B4C8FB400746ECF /* Debug */ = {
			isa = XCBuildConfiguration;
			buildSettings = {
				ASSETCATALOG_COMPILER_APPICON_NAME = AppIcon;
				INFOPLIST_FILE = ALgorhythm/Info.plist;
				LD_RUNPATH_SEARCH_PATHS = "$(inherited) @executable_path/Frameworks";
				PRODUCT_NAME = "$(TARGET_NAME)";
			};
			name = Debug;
		};
		4BAFDE941B4C8FB400746ECF /* Release */ = {
			isa = XCBuildConfiguration;
			buildSettings = {
				ASSETCATALOG_COMPILER_APPICON_NAME = AppIcon;
				INFOPLIST_FILE = ALgorhythm/Info.plist;
				LD_RUNPATH_SEARCH_PATHS = "$(inherited) @executable_path/Frameworks";
				PRODUCT_NAME = "$(TARGET_NAME)";
			};
			name = Release;
		};
		4BAFDE961B4C8FB400746ECF /* Debug */ = {
			isa = XCBuildConfiguration;
			buildSettings = {
				BUNDLE_LOADER = "$(TEST_HOST)";
				FRAMEWORK_SEARCH_PATHS = (
					"$(SDKROOT)/Developer/Library/Frameworks",
					"$(inherited)",
				);
				GCC_PREPROCESSOR_DEFINITIONS = (
					"DEBUG=1",
					"$(inherited)",
				);
				INFOPLIST_FILE = ALgorhythmTests/Info.plist;
				LD_RUNPATH_SEARCH_PATHS = "$(inherited) @executable_path/Frameworks @loader_path/Frameworks";
				PRODUCT_NAME = "$(TARGET_NAME)";
				TEST_HOST = "$(BUILT_PRODUCTS_DIR)/ALgorhythm.app/ALgorhythm";
			};
			name = Debug;
		};
		4BAFDE971B4C8FB400746ECF /* Release */ = {
			isa = XCBuildConfiguration;
			buildSettings = {
				BUNDLE_LOADER = "$(TEST_HOST)";
				FRAMEWORK_SEARCH_PATHS = (
					"$(SDKROOT)/Developer/Library/Frameworks",
					"$(inherited)",
				);
				INFOPLIST_FILE = ALgorhythmTests/Info.plist;
				LD_RUNPATH_SEARCH_PATHS = "$(inherited) @executable_path/Frameworks @loader_path/Frameworks";
				PRODUCT_NAME = "$(TARGET_NAME)";
				TEST_HOST = "$(BUILT_PRODUCTS_DIR)/ALgorhythm.app/ALgorhythm";
			};
			name = Release;
		};
/* End XCBuildConfiguration section */

/* Begin XCConfigurationList section */
		4BAFDE6E1B4C8FB400746ECF /* Build configuration list for PBXProject "ALgorhythm" */ = {
			isa = XCConfigurationList;
			buildConfigurations = (
				4BAFDE901B4C8FB400746ECF /* Debug */,
				4BAFDE911B4C8FB400746ECF /* Release */,
			);
			defaultConfigurationIsVisible = 0;
			defaultConfigurationName = Release;
		};
		4BAFDE921B4C8FB400746ECF /* Build configuration list for PBXNativeTarget "ALgorhythm" */ = {
			isa = XCConfigurationList;
			buildConfigurations = (
				4BAFDE931B4C8FB400746ECF /* Debug */,
				4BAFDE941B4C8FB400746ECF /* Release */,
			);
			defaultConfigurationIsVisible = 0;
		};
		4BAFDE951B4C8FB400746ECF /* Build configuration list for PBXNativeTarget "ALgorhythmTests" */ = {
			isa = XCConfigurationList;
			buildConfigurations = (
				4BAFDE961B4C8FB400746ECF /* Debug */,
				4BAFDE971B4C8FB400746ECF /* Release */,
			);
			defaultConfigurationIsVisible = 0;
		};
/* End XCConfigurationList section */
	};
	rootObject = 4BAFDE6B1B4C8FB400746ECF /* Project object */;
}
